
Microsoft Visual Studio Solution File, Format Version 12.00
# Visual Studio 15
VisualStudioVersion = 15.0.27428.2037
MinimumVisualStudioVersion = 10.0.40219.1
Project("{FAE04EC0-301F-11D3-BF4B-00C04F79EFBC}") = "Data", "Data\Data.csproj", "{C088D199-AB18-42CE-8F5B-09188E702F88}"
EndProject
Project("{FAE04EC0-301F-11D3-BF4B-00C04F79EFBC}") = "Web", "Web\Web.csproj", "{41F4F732-60E0-4085-BC16-9E4E22C146C7}"
EndProject
Global
	GlobalSection(SolutionConfigurationPlatforms) = preSolution
		Debug|Any CPU = Debug|Any CPU
		Release|Any CPU = Release|Any CPU
	EndGlobalSection
	GlobalSection(ProjectConfigurationPlatforms) = postSolution
		{C088D199-AB18-42CE-8F5B-09188E702F88}.Debug|Any CPU.ActiveCfg = Debug|Any CPU
		{C088D199-AB18-42CE-8F5B-09188E702F88}.Debug|Any CPU.Build.0 = Debug|Any CPU
		{C088D199-AB18-42CE-8F5B-09188E702F88}.Release|Any CPU.ActiveCfg = Release|Any CPU
		{C088D199-AB18-42CE-8F5B-09188E702F88}.Release|Any CPU.Build.0 = Release|Any CPU
		{41F4F732-60E0-4085-BC16-9E4E22C146C7}.Debug|Any CPU.ActiveCfg = Debug|Any CPU
		{41F4F732-60E0-4085-BC16-9E4E22C146C7}.Debug|Any CPU.Build.0 = Debug|Any CPU
		{41F4F732-60E0-4085-BC16-9E4E22C146C7}.Release|Any CPU.ActiveCfg = Release|Any CPU
		{41F4F732-60E0-4085-BC16-9E4E22C146C7}.Release|Any CPU.Build.0 = Release|Any CPU
	EndGlobalSection
	GlobalSection(SolutionProperties) = preSolution
		HideSolutionNode = FALSE
	EndGlobalSection
	GlobalSection(ExtensibilityGlobals) = postSolution
		SolutionGuid = {B5A3D56A-DEF7-4CA5-A698-98269FB0C471}
	EndGlobalSection
EndGlobal
